
Microsoft Visual Studio Solution File, Format Version 12.00
# Visual Studio Version 16
VisualStudioVersion = 16.0.29609.76
MinimumVisualStudioVersion = 10.0.40219.1
Project("{9A19103F-16F7-4668-BE54-9A1E7A4F7556}") = "DevCommander", "DevCommander\DevCommander.csproj", "{234CFBB8-AE08-4546-A48A-455CA459D5EB}"
EndProject
Project("{9A19103F-16F7-4668-BE54-9A1E7A4F7556}") = "DevCommander.Library", "DevCommander.Library\DevCommander.Library.csproj", "{B75D17D2-CFC7-4619-8075-B399E131A5B4}"
EndProject
Global
	GlobalSection(SolutionConfigurationPlatforms) = preSolution
		Debug|Any CPU = Debug|Any CPU
		Release|Any CPU = Release|Any CPU
	EndGlobalSection
	GlobalSection(ProjectConfigurationPlatforms) = postSolution
		{234CFBB8-AE08-4546-A48A-455CA459D5EB}.Debug|Any CPU.ActiveCfg = Debug|Any CPU
		{234CFBB8-AE08-4546-A48A-455CA459D5EB}.Debug|Any CPU.Build.0 = Debug|Any CPU
		{234CFBB8-AE08-4546-A48A-455CA459D5EB}.Release|Any CPU.ActiveCfg = Release|Any CPU
		{234CFBB8-AE08-4546-A48A-455CA459D5EB}.Release|Any CPU.Build.0 = Release|Any CPU
		{B75D17D2-CFC7-4619-8075-B399E131A5B4}.Debug|Any CPU.ActiveCfg = Debug|Any CPU
		{B75D17D2-CFC7-4619-8075-B399E131A5B4}.Debug|Any CPU.Build.0 = Debug|Any CPU
		{B75D17D2-CFC7-4619-8075-B399E131A5B4}.Release|Any CPU.ActiveCfg = Release|Any CPU
		{B75D17D2-CFC7-4619-8075-B399E131A5B4}.Release|Any CPU.Build.0 = Release|Any CPU
	EndGlobalSection
	GlobalSection(SolutionProperties) = preSolution
		HideSolutionNode = FALSE
	EndGlobalSection
	GlobalSection(ExtensibilityGlobals) = postSolution
		SolutionGuid = {5E50BA06-4056-436F-9D89-DE93FB1D8B62}
	EndGlobalSection
EndGlobal
